PODS:
  - OCExtensions (1.0.0)
  - OCHuds (1.0.0):
    - OCExtensions

DEPENDENCIES:
  - OCHuds (from `../`)

EXTERNAL SOURCES:
  OCHuds:
    :path: ../

SPEC CHECKSUMS:
  OCExtensions: 9a130cd39e6a019de2c3f67827202b13e3bc2757
  OCHuds: 6da6158dd6d8d21c41ba14dd441cdf36a45abcd8

PODFILE CHECKSUM: 8cd8aacbf62c6be0e047fc4cb47518e9d9ea8e3f

COCOAPODS: 1.0.1
